// !$*UTF8*$!
{
	archiveVersion = 1;
	classes = {
	};
	objectVersion = 46;
	objects = {

/* Begin PBXBuildFile section */
		3B2DD73F1ABE3A5000C9502D /* AppDelegate.swift in Sources */ = {isa = PBXBuildFile; fileRef = 3B2DD73E1ABE3A5000C9502D /* AppDelegate.swift */; };
		3B2DD7411ABE3A5000C9502D /* ViewController.swift in Sources */ = {isa = PBXBuildFile; fileRef = 3B2DD7401ABE3A5000C9502D /* ViewController.swift */; };
		3B2DD7441ABE3A5000C9502D /* Main.storyboard in Resources */ = {isa = PBXBuildFile; fileRef = 3B2DD7421ABE3A5000C9502D /* Main.storyboard */; };
		3B2DD7461ABE3A5000C9502D /* Images.xcassets in Resources */ = {isa = PBXBuildFile; fileRef = 3B2DD7451ABE3A5000C9502D /* Images.xcassets */; };
		3B2DD7491ABE3A5000C9502D /* LaunchScreen.xib in Resources */ = {isa = PBXBuildFile; fileRef = 3B2DD7471ABE3A5000C9502D /* LaunchScreen.xib */; };
		3B2DD7551ABE3A5000C9502D /* FunFactsTests.swift in Sources */ = {isa = PBXBuildFile; fileRef = 3B2DD7541ABE3A5000C9502D /* FunFactsTests.swift */; };
/* End PBXBuildFile section */

/* Begin PBXContainerItemProxy section */
		3B2DD74F1ABE3A5000C9502D /* PBXContainerItemProxy */ = {
			isa = PBXContainerItemProxy;
			containerPortal = 3B2DD7311ABE3A5000C9502D /* Project object */;
			proxyType = 1;
			remoteGlobalIDString = 3B2DD7381ABE3A5000C9502D;
			remoteInfo = FunFacts;
		};
/* End PBXContainerItemProxy section */

/* Begin PBXFileReference section */
		3B2DD7391ABE3A5000C9502D /* FunFacts.app */ = {isa = PBXFileReference; explicitFileType = wrapper.application; includeInIndex = 0; path = FunFacts.app; sourceTree = BUILT_PRODUCTS_DIR; };
		3B2DD73D1ABE3A5000C9502D /* Info.plist */ = {isa = PBXFileReference; lastKnownFileType = text.plist.xml; path = Info.plist; sourceTree = "<group>"; };
		3B2DD73E1ABE3A5000C9502D /* AppDelegate.swift */ = {isa = PBXFileReference; lastKnownFileType = sourcecode.swift; path = AppDelegate.swift; sourceTree = "<group>"; };
		3B2DD7401ABE3A5000C9502D /* ViewController.swift */ = {isa = PBXFileReference; lastKnownFileType = sourcecode.swift; path = ViewController.swift; sourceTree = "<group>"; };
		3B2DD7431ABE3A5000C9502D /* Base */ = {isa = PBXFileReference; lastKnownFileType = file.storyboard; name = Base; path = Base.lproj/Main.storyboard; sourceTree = "<group>"; };
		3B2DD7451ABE3A5000C9502D /* Images.xcassets */ = {isa = PBXFileReference; lastKnownFileType = folder.assetcatalog; path = Images.xcassets; sourceTree = "<group>"; };
		3B2DD7481ABE3A5000C9502D /* Base */ = {isa = PBXFileReference; lastKnownFileType = file.xib; name = Base; path = Base.lproj/LaunchScreen.xib; sourceTree = "<group>"; };
		3B2DD74E1ABE3A5000C9502D /* FunFactsTests.xctest */ = {isa = PBXFileReference; explicitFileType = wrapper.cfbundle; includeInIndex = 0; path = FunFactsTests.xctest; sourceTree = BUILT_PRODUCTS_DIR; };
		3B2DD7531ABE3A5000C9502D /* Info.plist */ = {isa = PBXFileReference; lastKnownFileType = text.plist.xml; path = Info.plist; sourceTree = "<group>"; };
		3B2DD7541ABE3A5000C9502D /* FunFactsTests.swift */ = {isa = PBXFileReference; lastKnownFileType = sourcecode.swift; path = FunFactsTests.swift; sourceTree = "<group>"; };
/* End PBXFileReference section */

/* Begin PBXFrameworksBuildPhase section */
		3B2DD7361ABE3A5000C9502D /* Frameworks */ = {
			isa = PBXFrameworksBuildPhase;
			buildActionMask = 2147483647;
			files = (
			);
			runOnlyForDeploymentPostprocessing = 0;
		};
		3B2DD74B1ABE3A5000C9502D /* Frameworks */ = {
			isa = PBXFrameworksBuildPhase;
			buildActionMask = 2147483647;
			files = (
			);
			runOnlyForDeploymentPostprocessing = 0;
		};
/* End PBXFrameworksBuildPhase section */

/* Begin PBXGroup section */
		3B2DD7301ABE3A5000C9502D = {
			isa = PBXGroup;
			children = (
				3B2DD73B1ABE3A5000C9502D /* FunFacts */,
				3B2DD7511ABE3A5000C9502D /* FunFactsTests */,
				3B2DD73A1ABE3A5000C9502D /* Products */,
			);
			sourceTree = "<group>";
		};
		3B2DD73A1ABE3A5000C9502D /* Products */ = {
			isa = PBXGroup;
			children = (
				3B2DD7391ABE3A5000C9502D /* FunFacts.app */,
				3B2DD74E1ABE3A5000C9502D /* FunFactsTests.xctest */,
			);
			name = Products;
			sourceTree = "<group>";
		};
		3B2DD73B1ABE3A5000C9502D /* FunFacts */ = {
			isa = PBXGroup;
			children = (
				3B2DD73E1ABE3A5000C9502D /* AppDelegate.swift */,
				3B2DD7401ABE3A5000C9502D /* ViewController.swift */,
				3B2DD7421ABE3A5000C9502D /* Main.storyboard */,
				3B2DD7451ABE3A5000C9502D /* Images.xcassets */,
				3B2DD7471ABE3A5000C9502D /* LaunchScreen.xib */,
				3B2DD73C1ABE3A5000C9502D /* Supporting Files */,
			);
			path = FunFacts;
			sourceTree = "<group>";
		};
		3B2DD73C1ABE3A5000C9502D /* Supporting Files */ = {
			isa = PBXGroup;
			children = (
				3B2DD73D1ABE3A5000C9502D /* Info.plist */,
			);
			name = "Supporting Files";
			sourceTree = "<group>";
		};
		3B2DD7511ABE3A5000C9502D /* FunFactsTests */ = {
			isa = PBXGroup;
			children = (
				3B2DD7541ABE3A5000C9502D /* FunFactsTests.swift */,
				3B2DD7521ABE3A5000C9502D /* Supporting Files */,
			);
			path = FunFactsTests;
			sourceTree = "<group>";
		};
		3B2DD7521ABE3A5000C9502D /* Supporting Files */ = {
			isa = PBXGroup;
			children = (
				3B2DD7531ABE3A5000C9502D /* Info.plist */,
			);
			name = "Supporting Files";
			sourceTree = "<group>";
		};
/* End PBXGroup section */

/* Begin PBXNativeTarget section */
		3B2DD7381ABE3A5000C9502D /* FunFacts */ = {
			isa = PBXNativeTarget;
			buildConfigurationList = 3B2DD7581ABE3A5000C9502D /* Build configuration list for PBXNativeTarget "FunFacts" */;
			buildPhases = (
				3B2DD7351ABE3A5000C9502D /* Sources */,
				3B2DD7361ABE3A5000C9502D /* Frameworks */,
				3B2DD7371ABE3A5000C9502D /* Resources */,
			);
			buildRules = (
			);
			dependencies = (
			);
			name = FunFacts;
			productName = FunFacts;
			productReference = 3B2DD7391ABE3A5000C9502D /* FunFacts.app */;
			productType = "com.apple.product-type.application";
		};
		3B2DD74D1ABE3A5000C9502D /* FunFactsTests */ = {
			isa = PBXNativeTarget;
			buildConfigurationList = 3B2DD75B1ABE3A5000C9502D /* Build configuration list for PBXNativeTarget "FunFactsTests" */;
			buildPhases = (
				3B2DD74A1ABE3A5000C9502D /* Sources */,
				3B2DD74B1ABE3A5000C9502D /* Frameworks */,
				3B2DD74C1ABE3A5000C9502D /* Resources */,
			);
			buildRules = (
			);
			dependencies = (
				3B2DD7501ABE3A5000C9502D /* PBXTargetDependency */,
			);
			name = FunFactsTests;
			productName = FunFactsTests;
			productReference = 3B2DD74E1ABE3A5000C9502D /* FunFactsTests.xctest */;
			productType = "com.apple.product-type.bundle.unit-test";
		};
/* End PBXNativeTarget section */

/* Begin PBXProject section */
		3B2DD7311ABE3A5000C9502D /* Project object */ = {
			isa = PBXProject;
			attributes = {
				LastUpgradeCheck = 0620;
				ORGANIZATIONNAME = Javier;
				TargetAttributes = {
					3B2DD7381ABE3A5000C9502D = {
						CreatedOnToolsVersion = 6.2;
					};
					3B2DD74D1ABE3A5000C9502D = {
						CreatedOnToolsVersion = 6.2;
						TestTargetID = 3B2DD7381ABE3A5000C9502D;
					};
				};
			};
			buildConfigurationList = 3B2DD7341ABE3A5000C9502D /* Build configuration list for PBXProject "FunFacts" */;
			compatibilityVersion = "Xcode 3.2";
			developmentRegion = English;
			hasScannedForEncodings = 0;
			knownRegions = (
				en,
				Base,
			);
			mainGroup = 3B2DD7301ABE3A5000C9502D;
			productRefGroup = 3B2DD73A1ABE3A5000C9502D /* Products */;
			projectDirPath = "";
			projectRoot = "";
			targets = (
				3B2DD7381ABE3A5000C9502D /* FunFacts */,
				3B2DD74D1ABE3A5000C9502D /* FunFactsTests */,
			);
		};
/* End PBXProject section */

/* Begin PBXResourcesBuildPhase section */
		3B2DD7371ABE3A5000C9502D /* Resources */ = {
			isa = PBXResourcesBuildPhase;
			buildActionMask = 2147483647;
			files = (
				3B2DD7441ABE3A5000C9502D /* Main.storyboard in Resources */,
				3B2DD7491ABE3A5000C9502D /* LaunchScreen.xib in Resources */,
				3B2DD7461ABE3A5000C9502D /* Images.xcassets in Resources */,
			);
			runOnlyForDeploymentPostprocessing = 0;
		};
		3B2DD74C1ABE3A5000C9502D /* Resources */ = {
			isa = PBXResourcesBuildPhase;
			buildActionMask = 2147483647;
			files = (
			);
			runOnlyForDeploymentPostprocessing = 0;
		};
/* End PBXResourcesBuildPhase section */

/* Begin PBXSourcesBuildPhase section */
		3B2DD7351ABE3A5000C9502D /* Sources */ = {
			isa = PBXSourcesBuildPhase;
			buildActionMask = 2147483647;
			files = (
				3B2DD7411ABE3A5000C9502D /* ViewController.swift in Sources */,
				3B2DD73F1ABE3A5000C9502D /* AppDelegate.swift in Sources */,
			);
			runOnlyForDeploymentPostprocessing = 0;
		};
		3B2DD74A1ABE3A5000C9502D /* Sources */ = {
			isa = PBXSourcesBuildPhase;
			buildActionMask = 2147483647;
			files = (
				3B2DD7551ABE3A5000C9502D /* FunFactsTests.swift in Sources */,
			);
			runOnlyForDeploymentPostprocessing = 0;
		};
/* End PBXSourcesBuildPhase section */

/* Begin PBXTargetDependency section */
		3B2DD7501ABE3A5000C9502D /* PBXTargetDependency */ = {
			isa = PBXTargetDependency;
			target = 3B2DD7381ABE3A5000C9502D /* FunFacts */;
			targetProxy = 3B2DD74F1ABE3A5000C9502D /* PBXContainerItemProxy */;
		};
/* End PBXTargetDependency section */

/* Begin PBXVariantGroup section */
		3B2DD7421ABE3A5000C9502D /* Main.storyboard */ = {
			isa = PBXVariantGroup;
			children = (
				3B2DD7431ABE3A5000C9502D /* Base */,
			);
			name = Main.storyboard;
			sourceTree = "<group>";
		};
		3B2DD7471ABE3A5000C9502D /* LaunchScreen.xib */ = {
			isa = PBXVariantGroup;
			children = (
				3B2DD7481ABE3A5000C9502D /* Base */,
			);
			name = LaunchScreen.xib;
			sourceTree = "<group>";
		};
/* End PBXVariantGroup section */

/* Begin XCBuildConfiguration section */
		3B2DD7561ABE3A5000C9502D /* Debug */ = {
			isa = XCBuildConfiguration;
			buildSettings = {
				ALWAYS_SEARCH_USER_PATHS = NO;
				CLANG_CXX_LANGUAGE_STANDARD = "gnu++0x";
				CLANG_CXX_LIBRARY = "libc++";
				CLANG_ENABLE_MODULES = YES;
				CLANG_ENABLE_OBJC_ARC = YES;
				CLANG_WARN_BOOL_CONVERSION = YES;
				CLANG_WARN_CONSTANT_CONVERSION = YES;
				CLANG_WARN_DIRECT_OBJC_ISA_USAGE = YES_ERROR;
				CLANG_WARN_EMPTY_BODY = YES;
				CLANG_WARN_ENUM_CONVERSION = YES;
				CLANG_WARN_INT_CONVERSION = YES;
				CLANG_WARN_OBJC_ROOT_CLASS = YES_ERROR;
				CLANG_WARN_UNREACHABLE_CODE = YES;
				CLANG_WARN__DUPLICATE_METHOD_MATCH = YES;
				"CODE_SIGN_IDENTITY[sdk=iphoneos*]" = "iPhone Developer";
				COPY_PHASE_STRIP = NO;
				ENABLE_STRICT_OBJC_MSGSEND = YES;
				GCC_C_LANGUAGE_STANDARD = gnu99;
				GCC_DYNAMIC_NO_PIC = NO;
				GCC_OPTIMIZATION_LEVEL = 0;
				GCC_PREPROCESSOR_DEFINITIONS = (
					"DEBUG=1",
					"$(inherited)",
				);
				GCC_SYMBOLS_PRIVATE_EXTERN = NO;
				GCC_WARN_64_TO_32_BIT_CONVERSION = YES;
				GCC_WARN_ABOUT_RETURN_TYPE = YES_ERROR;
				GCC_WARN_UNDECLARED_SELECTOR = YES;
				GCC_WARN_UNINITIALIZED_AUTOS = YES_AGGRESSIVE;
				GCC_WARN_UNUSED_FUNCTION = YES;
				GCC_WARN_UNUSED_VARIABLE = YES;
				IPHONEOS_DEPLOYMENT_TARGET = 8.2;
				MTL_ENABLE_DEBUG_INFO = YES;
				ONLY_ACTIVE_ARCH = YES;
				SDKROOT = iphoneos;
				SWIFT_OPTIMIZATION_LEVEL = "-Onone";
			};
			name = Debug;
		};
		3B2DD7571ABE3A5000C9502D /* Release */ = {
			isa = XCBuildConfiguration;
			buildSettings = {
				ALWAYS_SEARCH_USER_PATHS = NO;
				CLANG_CXX_LANGUAGE_STANDARD = "gnu++0x";
				CLANG_CXX_LIBRARY = "libc++";
				CLANG_ENABLE_MODULES = YES;
				CLANG_ENABLE_OBJC_ARC = YES;
				CLANG_WARN_BOOL_CONVERSION = YES;
				CLANG_WARN_CONSTANT_CONVERSION = YES;
				CLANG_WARN_DIRECT_OBJC_ISA_USAGE = YES_ERROR;
				CLANG_WARN_EMPTY_BODY = YES;
				CLANG_WARN_ENUM_CONVERSION = YES;
				CLANG_WARN_INT_CONVERSION = YES;
				CLANG_WARN_OBJC_ROOT_CLASS = YES_ERROR;
				CLANG_WARN_UNREACHABLE_CODE = YES;
				CLANG_WARN__DUPLICATE_METHOD_MATCH = YES;
				"CODE_SIGN_IDENTITY[sdk=iphoneos*]" = "iPhone Developer";
				COPY_PHASE_STRIP = NO;
				ENABLE_NS_ASSERTIONS = NO;
				ENABLE_STRICT_OBJC_MSGSEND = YES;
				GCC_C_LANGUAGE_STANDARD = gnu99;
				GCC_WARN_64_TO_32_BIT_CONVERSION = YES;
				GCC_WARN_ABOUT_RETURN_TYPE = YES_ERROR;
				GCC_WARN_UNDECLARED_SELECTOR = YES;
				GCC_WARN_UNINITIALIZED_AUTOS = YES_AGGRESSIVE;
				GCC_WARN_UNUSED_FUNCTION = YES;
				GCC_WARN_UNUSED_VARIABLE = YES;
				IPHONEOS_DEPLOYMENT_TARGET = 8.2;
				MTL_ENABLE_DEBUG_INFO = NO;
				SDKROOT = iphoneos;
				VALIDATE_PRODUCT = YES;
			};
			name = Release;
		};
		3B2DD7591ABE3A5000C9502D /* Debug */ = {
			isa = XCBuildConfiguration;
			buildSettings = {
				ASSETCATALOG_COMPILER_APPICON_NAME = AppIcon;
				INFOPLIST_FILE = FunFacts/Info.plist;
				LD_RUNPATH_SEARCH_PATHS = "$(inherited) @executable_path/Frameworks";
				PRODUCT_NAME = "$(TARGET_NAME)";
			};
			name = Debug;
		};
		3B2DD75A1ABE3A5000C9502D /* Release */ = {
			isa = XCBuildConfiguration;
			buildSettings = {
				ASSETCATALOG_COMPILER_APPICON_NAME = AppIcon;
				INFOPLIST_FILE = FunFacts/Info.plist;
				LD_RUNPATH_SEARCH_PATHS = "$(inherited) @executable_path/Frameworks";
				PRODUCT_NAME = "$(TARGET_NAME)";
			};
			name = Release;
		};
		3B2DD75C1ABE3A5000C9502D /* Debug */ = {
			isa = XCBuildConfiguration;
			buildSettings = {
				BUNDLE_LOADER = "$(TEST_HOST)";
				FRAMEWORK_SEARCH_PATHS = (
					"$(SDKROOT)/Developer/Library/Frameworks",
					"$(inherited)",
				);
				GCC_PREPROCESSOR_DEFINITIONS = (
					"DEBUG=1",
					"$(inherited)",
				);
				INFOPLIST_FILE = FunFactsTests/Info.plist;
				LD_RUNPATH_SEARCH_PATHS = "$(inherited) @executable_path/Frameworks @loader_path/Frameworks";
				PRODUCT_NAME = "$(TARGET_NAME)";
				TEST_HOST = "$(BUILT_PRODUCTS_DIR)/FunFacts.app/FunFacts";
			};
			name = Debug;
		};
		3B2DD75D1ABE3A5000C9502D /* Release */ = {
			isa = XCBuildConfiguration;
			buildSettings = {
				BUNDLE_LOADER = "$(TEST_HOST)";
				FRAMEWORK_SEARCH_PATHS = (
					"$(SDKROOT)/Developer/Library/Frameworks",
					"$(inherited)",
				);
				INFOPLIST_FILE = FunFactsTests/Info.plist;
				LD_RUNPATH_SEARCH_PATHS = "$(inherited) @executable_path/Frameworks @loader_path/Frameworks";
				PRODUCT_NAME = "$(TARGET_NAME)";
				TEST_HOST = "$(BUILT_PRODUCTS_DIR)/FunFacts.app/FunFacts";
			};
			name = Release;
		};
/* End XCBuildConfiguration section */

/* Begin XCConfigurationList section */
		3B2DD7341ABE3A5000C9502D /* Build configuration list for PBXProject "FunFacts" */ = {
			isa = XCConfigurationList;
			buildConfigurations = (
				3B2DD7561ABE3A5000C9502D /* Debug */,
				3B2DD7571ABE3A5000C9502D /* Release */,
			);
			defaultConfigurationIsVisible = 0;
			defaultConfigurationName = Release;
		};
		3B2DD7581ABE3A5000C9502D /* Build configuration list for PBXNativeTarget "FunFacts" */ = {
			isa = XCConfigurationList;
			buildConfigurations = (
				3B2DD7591ABE3A5000C9502D /* Debug */,
				3B2DD75A1ABE3A5000C9502D /* Release */,
			);
			defaultConfigurationIsVisible = 0;
		};
		3B2DD75B1ABE3A5000C9502D /* Build configuration list for PBXNativeTarget "FunFactsTests" */ = {
			isa = XCConfigurationList;
			buildConfigurations = (
				3B2DD75C1ABE3A5000C9502D /* Debug */,
				3B2DD75D1ABE3A5000C9502D /* Release */,
			);
			defaultConfigurationIsVisible = 0;
		};
/* End XCConfigurationList section */
	};
	rootObject = 3B2DD7311ABE3A5000C9502D /* Project object */;
}
